
Microsoft Visual Studio Solution File, Format Version 12.00
# Visual Studio Version 17
VisualStudioVersion = 17.8.34525.116
MinimumVisualStudioVersion = 10.0.40219.1
Project("{9A19103F-16F7-4668-BE54-9A1E7A4F7556}") = "SimpleTODO.Server", "SimpleTODO.Server\SimpleTODO.Server.csproj", "{F3CDD45F-E883-4CC0-BDAC-0E261A7EB1B7}"
EndProject
Project("{54A90642-561A-4BB1-A94E-469ADEE60C69}") = "simpletodo.client", "simpletodo.client\simpletodo.client.esproj", "{A94C69DB-FA01-4D36-B147-A903254E6B1C}"
EndProject
Project("{2150E333-8FDC-42A3-9474-1A3956D46DE8}") = "Domain", "Domain", "{E8004D4E-FB64-44E8-A89E-005B76347BA0}"
EndProject
Project("{FAE04EC0-301F-11D3-BF4B-00C04F79EFBC}") = "SimpleTODO.Domain", "SimpleTODO.Domain\SimpleTODO.Domain.csproj", "{B8BF8F5D-937B-404C-ADAF-674E350675BB}"
EndProject
Global
	GlobalSection(SolutionConfigurationPlatforms) = preSolution
		Debug|Any CPU = Debug|Any CPU
		Release|Any CPU = Release|Any CPU
	EndGlobalSection
	GlobalSection(ProjectConfigurationPlatforms) = postSolution
		{F3CDD45F-E883-4CC0-BDAC-0E261A7EB1B7}.Debug|Any CPU.ActiveCfg = Debug|Any CPU
		{F3CDD45F-E883-4CC0-BDAC-0E261A7EB1B7}.Debug|Any CPU.Build.0 = Debug|Any CPU
		{F3CDD45F-E883-4CC0-BDAC-0E261A7EB1B7}.Release|Any CPU.ActiveCfg = Release|Any CPU
		{F3CDD45F-E883-4CC0-BDAC-0E261A7EB1B7}.Release|Any CPU.Build.0 = Release|Any CPU
		{A94C69DB-FA01-4D36-B147-A903254E6B1C}.Debug|Any CPU.ActiveCfg = Debug|Any CPU
		{A94C69DB-FA01-4D36-B147-A903254E6B1C}.Debug|Any CPU.Build.0 = Debug|Any CPU
		{A94C69DB-FA01-4D36-B147-A903254E6B1C}.Debug|Any CPU.Deploy.0 = Debug|Any CPU
		{A94C69DB-FA01-4D36-B147-A903254E6B1C}.Release|Any CPU.ActiveCfg = Release|Any CPU
		{A94C69DB-FA01-4D36-B147-A903254E6B1C}.Release|Any CPU.Build.0 = Release|Any CPU
		{A94C69DB-FA01-4D36-B147-A903254E6B1C}.Release|Any CPU.Deploy.0 = Release|Any CPU
		{B8BF8F5D-937B-404C-ADAF-674E350675BB}.Debug|Any CPU.ActiveCfg = Debug|Any CPU
		{B8BF8F5D-937B-404C-ADAF-674E350675BB}.Debug|Any CPU.Build.0 = Debug|Any CPU
		{B8BF8F5D-937B-404C-ADAF-674E350675BB}.Release|Any CPU.ActiveCfg = Release|Any CPU
		{B8BF8F5D-937B-404C-ADAF-674E350675BB}.Release|Any CPU.Build.0 = Release|Any CPU
	EndGlobalSection
	GlobalSection(SolutionProperties) = preSolution
		HideSolutionNode = FALSE
	EndGlobalSection
	GlobalSection(NestedProjects) = preSolution
		{B8BF8F5D-937B-404C-ADAF-674E350675BB} = {E8004D4E-FB64-44E8-A89E-005B76347BA0}
	EndGlobalSection
	GlobalSection(ExtensibilityGlobals) = postSolution
		SolutionGuid = {262CA050-C864-48C6-AD51-F55C5CA11155}
	EndGlobalSection
EndGlobal
